<Solution>
  <Project Path="src/TeduBlog.Api/TeduBlog.Api.csproj" />
  <Project Path="src/TeduBlog.Core/TeduBlog.Core.csproj" />
  <Project Path="src/TeduBlog.Data/TeduBlog.Data.csproj" />
  <Project Path="src/TeduBlog.WebApp/TeduBlog.WebApp.csproj" Id="daecd8f8-80a7-4510-a2ae-2ca6a292cf51" />
</Solution>
